
Microsoft Visual Studio Solution File, Format Version 12.00
# Visual Studio Version 17
VisualStudioVersion = 17.9.34728.123
MinimumVisualStudioVersion = 10.0.40219.1
Project("{FAE04EC0-301F-11D3-BF4B-00C04F79EFBC}") = "DirectoryUsing", "DirectoryUsing.csproj", "{B8CECA9A-0AF2-4D4A-8414-22802C756186}"
EndProject
Global
	GlobalSection(SolutionConfigurationPlatforms) = preSolution
		Debug|Any CPU = Debug|Any CPU
		Release|Any CPU = Release|Any CPU
	EndGlobalSection
	GlobalSection(ProjectConfigurationPlatforms) = postSolution
		{B8CECA9A-0AF2-4D4A-8414-22802C756186}.Debug|Any CPU.ActiveCfg = Debug|Any CPU
		{B8CECA9A-0AF2-4D4A-8414-22802C756186}.Debug|Any CPU.Build.0 = Debug|Any CPU
		{B8CECA9A-0AF2-4D4A-8414-22802C756186}.Release|Any CPU.ActiveCfg = Release|Any CPU
		{B8CECA9A-0AF2-4D4A-8414-22802C756186}.Release|Any CPU.Build.0 = Release|Any CPU
	EndGlobalSection
	GlobalSection(SolutionProperties) = preSolution
		HideSolutionNode = FALSE
	EndGlobalSection
	GlobalSection(ExtensibilityGlobals) = postSolution
		SolutionGuid = {A442D6F4-CFD4-49AE-A97F-D8C4AC410E73}
	EndGlobalSection
EndGlobal
