
Microsoft Visual Studio Solution File, Format Version 12.00
# Visual Studio Version 17
VisualStudioVersion = 17.9.34728.123
MinimumVisualStudioVersion = 10.0.40219.1
Project("{FAE04EC0-301F-11D3-BF4B-00C04F79EFBC}") = "Innheritance", "Innheritance.csproj", "{8F37778D-405C-40A3-8310-AEB4BB573781}"
EndProject
Global
	GlobalSection(SolutionConfigurationPlatforms) = preSolution
		Debug|Any CPU = Debug|Any CPU
		Release|Any CPU = Release|Any CPU
	EndGlobalSection
	GlobalSection(ProjectConfigurationPlatforms) = postSolution
		{8F37778D-405C-40A3-8310-AEB4BB573781}.Debug|Any CPU.ActiveCfg = Debug|Any CPU
		{8F37778D-405C-40A3-8310-AEB4BB573781}.Debug|Any CPU.Build.0 = Debug|Any CPU
		{8F37778D-405C-40A3-8310-AEB4BB573781}.Release|Any CPU.ActiveCfg = Release|Any CPU
		{8F37778D-405C-40A3-8310-AEB4BB573781}.Release|Any CPU.Build.0 = Release|Any CPU
	EndGlobalSection
	GlobalSection(SolutionProperties) = preSolution
		HideSolutionNode = FALSE
	EndGlobalSection
	GlobalSection(ExtensibilityGlobals) = postSolution
		SolutionGuid = {61682599-EE71-493C-94A6-A5B65E8AB5A5}
	EndGlobalSection
EndGlobal
