
Microsoft Visual Studio Solution File, Format Version 12.00
# Visual Studio Version 17
VisualStudioVersion = 17.9.34728.123
MinimumVisualStudioVersion = 10.0.40219.1
Project("{FAE04EC0-301F-11D3-BF4B-00C04F79EFBC}") = "PersonalTracking", "PersonalTracking.csproj", "{D427EC4E-D968-4CE5-9842-E9AAA4D2650A}"
EndProject
Project("{FAE04EC0-301F-11D3-BF4B-00C04F79EFBC}") = "BLL", "..\BLL\BLL.csproj", "{8D15187E-7B15-4C00-9677-FE23B51B2146}"
EndProject
Project("{FAE04EC0-301F-11D3-BF4B-00C04F79EFBC}") = "DAL", "..\DAL\DAL.csproj", "{276F5993-1F89-4E60-AE1F-2EBD46424EE6}"
EndProject
Global
	GlobalSection(SolutionConfigurationPlatforms) = preSolution
		Debug|Any CPU = Debug|Any CPU
		Release|Any CPU = Release|Any CPU
	EndGlobalSection
	GlobalSection(ProjectConfigurationPlatforms) = postSolution
		{D427EC4E-D968-4CE5-9842-E9AAA4D2650A}.Debug|Any CPU.ActiveCfg = Debug|Any CPU
		{D427EC4E-D968-4CE5-9842-E9AAA4D2650A}.Debug|Any CPU.Build.0 = Debug|Any CPU
		{D427EC4E-D968-4CE5-9842-E9AAA4D2650A}.Release|Any CPU.ActiveCfg = Release|Any CPU
		{D427EC4E-D968-4CE5-9842-E9AAA4D2650A}.Release|Any CPU.Build.0 = Release|Any CPU
		{8D15187E-7B15-4C00-9677-FE23B51B2146}.Debug|Any CPU.ActiveCfg = Debug|Any CPU
		{8D15187E-7B15-4C00-9677-FE23B51B2146}.Debug|Any CPU.Build.0 = Debug|Any CPU
		{8D15187E-7B15-4C00-9677-FE23B51B2146}.Release|Any CPU.ActiveCfg = Release|Any CPU
		{8D15187E-7B15-4C00-9677-FE23B51B2146}.Release|Any CPU.Build.0 = Release|Any CPU
		{276F5993-1F89-4E60-AE1F-2EBD46424EE6}.Debug|Any CPU.ActiveCfg = Debug|Any CPU
		{276F5993-1F89-4E60-AE1F-2EBD46424EE6}.Debug|Any CPU.Build.0 = Debug|Any CPU
		{276F5993-1F89-4E60-AE1F-2EBD46424EE6}.Release|Any CPU.ActiveCfg = Release|Any CPU
		{276F5993-1F89-4E60-AE1F-2EBD46424EE6}.Release|Any CPU.Build.0 = Release|Any CPU
	EndGlobalSection
	GlobalSection(SolutionProperties) = preSolution
		HideSolutionNode = FALSE
	EndGlobalSection
	GlobalSection(ExtensibilityGlobals) = postSolution
		SolutionGuid = {5479484D-5DE1-4EFB-84D2-505B56D88990}
	EndGlobalSection
EndGlobal
