
Microsoft Visual Studio Solution File, Format Version 12.00
# Visual Studio Version 17
VisualStudioVersion = 17.9.34902.65
MinimumVisualStudioVersion = 10.0.40219.1
Project("{FAE04EC0-301F-11D3-BF4B-00C04F79EFBC}") = "ObserverDesignPatternConsole", "ObserverDesignPatternConsole.csproj", "{224C9193-E2F3-4CF0-B7B0-61F6692672E6}"
EndProject
Global
	GlobalSection(SolutionConfigurationPlatforms) = preSolution
		Debug|Any CPU = Debug|Any CPU
		Release|Any CPU = Release|Any CPU
	EndGlobalSection
	GlobalSection(ProjectConfigurationPlatforms) = postSolution
		{224C9193-E2F3-4CF0-B7B0-61F6692672E6}.Debug|Any CPU.ActiveCfg = Debug|Any CPU
		{224C9193-E2F3-4CF0-B7B0-61F6692672E6}.Debug|Any CPU.Build.0 = Debug|Any CPU
		{224C9193-E2F3-4CF0-B7B0-61F6692672E6}.Release|Any CPU.ActiveCfg = Release|Any CPU
		{224C9193-E2F3-4CF0-B7B0-61F6692672E6}.Release|Any CPU.Build.0 = Release|Any CPU
	EndGlobalSection
	GlobalSection(SolutionProperties) = preSolution
		HideSolutionNode = FALSE
	EndGlobalSection
	GlobalSection(ExtensibilityGlobals) = postSolution
		SolutionGuid = {FE4E9B49-0170-40D1-B52D-6661E6C4FF8C}
	EndGlobalSection
EndGlobal
