
Microsoft Visual Studio Solution File, Format Version 12.00
# Visual Studio Version 17
VisualStudioVersion = 17.9.34728.123
MinimumVisualStudioVersion = 10.0.40219.1
Project("{FAE04EC0-301F-11D3-BF4B-00C04F79EFBC}") = "FileOperations", "FileOperations.csproj", "{0FC041C7-7D8F-413F-BEA7-B1C01575D31D}"
EndProject
Global
	GlobalSection(SolutionConfigurationPlatforms) = preSolution
		Debug|Any CPU = Debug|Any CPU
		Release|Any CPU = Release|Any CPU
	EndGlobalSection
	GlobalSection(ProjectConfigurationPlatforms) = postSolution
		{0FC041C7-7D8F-413F-BEA7-B1C01575D31D}.Debug|Any CPU.ActiveCfg = Debug|Any CPU
		{0FC041C7-7D8F-413F-BEA7-B1C01575D31D}.Debug|Any CPU.Build.0 = Debug|Any CPU
		{0FC041C7-7D8F-413F-BEA7-B1C01575D31D}.Release|Any CPU.ActiveCfg = Release|Any CPU
		{0FC041C7-7D8F-413F-BEA7-B1C01575D31D}.Release|Any CPU.Build.0 = Release|Any CPU
	EndGlobalSection
	GlobalSection(SolutionProperties) = preSolution
		HideSolutionNode = FALSE
	EndGlobalSection
	GlobalSection(ExtensibilityGlobals) = postSolution
		SolutionGuid = {32E289C5-A378-44B1-B49A-ED6E2CDE13BA}
	EndGlobalSection
EndGlobal
